
Microsoft Visual Studio Solution File, Format Version 12.00
# Visual Studio 2012
Project("{8BC9CEB8-8B4A-11D0-8D11-00A0C91BC942}") = "sdk", "sdk\sdk.vcxproj", "{36CB48B4-4D9F-4AEF-91C9-75436D7F282E}"
EndProject
Global
	GlobalSection(SolutionConfigurationPlatforms) = preSolution
		Debug|Win32 = Debug|Win32
		Release|Win32 = Release|Win32
	EndGlobalSection
	GlobalSection(ProjectConfigurationPlatforms) = postSolution
		{36CB48B4-4D9F-4AEF-91C9-75436D7F282E}.Debug|Win32.ActiveCfg = Debug|Win32
		{36CB48B4-4D9F-4AEF-91C9-75436D7F282E}.Debug|Win32.Build.0 = Debug|Win32
		{36CB48B4-4D9F-4AEF-91C9-75436D7F282E}.Release|Win32.ActiveCfg = Release|Win32
		{36CB48B4-4D9F-4AEF-91C9-75436D7F282E}.Release|Win32.Build.0 = Release|Win32
	EndGlobalSection
	GlobalSection(SolutionProperties) = preSolution
		HideSolutionNode = FALSE
	EndGlobalSection
EndGlobal
