<?xml version="1.0" encoding="utf-8"?>
<Project ToolsVersion="4.0" xmlns="http://schemas.microsoft.com/developer/msbuild/2003">
  <ItemGroup>
    <Filter Include="Source Files">
      <UniqueIdentifier>{4FC737F1-C7A5-4376-A066-2A32D752A2FF}</UniqueIdentifier>
      <Extensions>cpp;c;cc;cxx;def;odl;idl;hpj;bat;asm;asmx</Extensions>
    </Filter>
    <Filter Include="Header Files">
      <UniqueIdentifier>{93995380-89BD-4b04-88EB-625FBE52EBFB}</UniqueIdentifier>
      <Extensions>h;hpp;hxx;hm;inl;inc;xsd</Extensions>
    </Filter>
    <Filter Include="Resource Files">
      <UniqueIdentifier>{67DA6AB6-F800-4c08-8B7A-83BB121AAD01}</UniqueIdentifier>
      <Extensions>rc;ico;cur;bmp;dlg;rc2;rct;bin;rgs;gif;jpg;jpeg;jpe;resx;tiff;tif;png;wav</Extensions>
    </Filter>
  </ItemGroup>
  <ItemGroup>
    <ClCompile Include="sdk\ContextCallbacks.cpp">
      <Filter>Source Files</Filter>
    </ClCompile>
    <ClCompile Include="sdk\FSShaderProgramLoader.cpp">
      <Filter>Source Files</Filter>
    </ClCompile>
    <ClCompile Include="sdk\GLApp.cpp">
      <Filter>Source Files</Filter>
    </ClCompile>
    <ClCompile Include="sdk\GLContext.cpp">
      <Filter>Source Files</Filter>
    </ClCompile>
    <ClCompile Include="sdk\GlutWindow.cpp">
      <Filter>Source Files</Filter>
    </ClCompile>
    <ClCompile Include="sdk\main.cpp">
      <Filter>Source Files</Filter>
    </ClCompile>
    <ClCompile Include="sdk\nvImage.cpp">
      <Filter>Source Files</Filter>
    </ClCompile>
    <ClCompile Include="sdk\nvImageDDS.cpp">
      <Filter>Source Files</Filter>
    </ClCompile>
    <ClCompile Include="sdk\Shader.cpp">
      <Filter>Source Files</Filter>
    </ClCompile>
    <ClCompile Include="sdk\ShaderProgram.cpp">
      <Filter>Source Files</Filter>
    </ClCompile>
    <ClCompile Include="sdk\ShaderProgramLoader.cpp">
      <Filter>Source Files</Filter>
    </ClCompile>
    <ClCompile Include="sdk\clouds\CloudParticle.cpp">
      <Filter>Source Files</Filter>
    </ClCompile>
    <ClCompile Include="sdk\clouds\clouds.cpp">
      <Filter>Source Files</Filter>
    </ClCompile>
    <ClCompile Include="sdk\clouds\CloudShader.cpp">
      <Filter>Source Files</Filter>
    </ClCompile>
    <ClCompile Include="sdk\clouds\CubemapTexture.cpp">
      <Filter>Source Files</Filter>
    </ClCompile>
    <ClCompile Include="sdk\clouds\GameScene.cpp">
      <Filter>Source Files</Filter>
    </ClCompile>
    <ClCompile Include="sdk\clouds\Mesh.cpp">
      <Filter>Source Files</Filter>
    </ClCompile>
    <ClCompile Include="sdk\clouds\Simulation.cpp">
      <Filter>Source Files</Filter>
    </ClCompile>
    <ClCompile Include="sdk\clouds\Skybox.cpp">
      <Filter>Source Files</Filter>
    </ClCompile>
    <ClCompile Include="sdk\clouds\VolumetricCloud.cpp">
      <Filter>Source Files</Filter>
    </ClCompile>
  </ItemGroup>
  <ItemGroup>
    <ClInclude Include="sdk\Camera.h">
      <Filter>Header Files</Filter>
    </ClInclude>
    <ClInclude Include="sdk\ContextCallbacks.h">
      <Filter>Header Files</Filter>
    </ClInclude>
    <ClInclude Include="sdk\ControlledCamera.h">
      <Filter>Header Files</Filter>
    </ClInclude>
    <ClInclude Include="sdk\FSShaderProgramLoader.h">
      <Filter>Header Files</Filter>
    </ClInclude>
    <ClInclude Include="sdk\gl.h">
      <Filter>Header Files</Filter>
    </ClInclude>
    <ClInclude Include="sdk\GLApp.h">
      <Filter>Header Files</Filter>
    </ClInclude>
    <ClInclude Include="sdk\GLContext.h">
      <Filter>Header Files</Filter>
    </ClInclude>
    <ClInclude Include="sdk\GLContextObj.h">
      <Filter>Header Files</Filter>
    </ClInclude>
    <ClInclude Include="sdk\GlutWindow.h">
      <Filter>Header Files</Filter>
    </ClInclude>
    <ClInclude Include="sdk\nvImage.h">
      <Filter>Header Files</Filter>
    </ClInclude>
    <ClInclude Include="sdk\PersProjInfo.h">
      <Filter>Header Files</Filter>
    </ClInclude>
    <ClInclude Include="sdk\Shader.h">
      <Filter>Header Files</Filter>
    </ClInclude>
    <ClInclude Include="sdk\ShaderProgram.h">
      <Filter>Header Files</Filter>
    </ClInclude>
    <ClInclude Include="sdk\ShaderProgramLoader.h">
      <Filter>Header Files</Filter>
    </ClInclude>
    <ClInclude Include="sdk\Texture.h">
      <Filter>Header Files</Filter>
    </ClInclude>
    <ClInclude Include="sdk\TransformMatrix.h">
      <Filter>Header Files</Filter>
    </ClInclude>
    <ClInclude Include="sdk\UniformWrapper.h">
      <Filter>Header Files</Filter>
    </ClInclude>
    <ClInclude Include="sdk\clouds\CloudParticle.h">
      <Filter>Header Files</Filter>
    </ClInclude>
    <ClInclude Include="sdk\clouds\clouds.h">
      <Filter>Header Files</Filter>
    </ClInclude>
    <ClInclude Include="sdk\clouds\CloudShader.h">
      <Filter>Header Files</Filter>
    </ClInclude>
    <ClInclude Include="sdk\clouds\CubemapTexture.h">
      <Filter>Header Files</Filter>
    </ClInclude>
    <ClInclude Include="sdk\clouds\GameScene.h">
      <Filter>Header Files</Filter>
    </ClInclude>
    <ClInclude Include="sdk\clouds\Mesh.h">
      <Filter>Header Files</Filter>
    </ClInclude>
    <ClInclude Include="sdk\clouds\Primitives.h">
      <Filter>Header Files</Filter>
    </ClInclude>
    <ClInclude Include="sdk\clouds\Simulation.h">
      <Filter>Header Files</Filter>
    </ClInclude>
    <ClInclude Include="sdk\clouds\Skybox.h">
      <Filter>Header Files</Filter>
    </ClInclude>
    <ClInclude Include="sdk\clouds\utils.h">
      <Filter>Header Files</Filter>
    </ClInclude>
    <ClInclude Include="sdk\clouds\VolumetricCloud.h">
      <Filter>Header Files</Filter>
    </ClInclude>
  </ItemGroup>
</Project>